// !$*UTF8*$!
{
	archiveVersion = 1;
	classes = {
	};
	objectVersion = 46;
	objects = {

/* Begin PBXBuildFile section */
		FCD258A3207EB9DF002E3FC4 /* AppDelegate.swift in Sources */ = {isa = PBXBuildFile; fileRef = FCD258A2207EB9DF002E3FC4 /* AppDelegate.swift */; };
		FCD258A5207EB9DF002E3FC4 /* ViewController.swift in Sources */ = {isa = PBXBuildFile; fileRef = FCD258A4207EB9DF002E3FC4 /* ViewController.swift */; };
		FCD258A8207EB9DF002E3FC4 /* Main.storyboard in Resources */ = {isa = PBXBuildFile; fileRef = FCD258A6207EB9DF002E3FC4 /* Main.storyboard */; };
		FCD258AB207EB9DF002E3FC4 /* ECU_PT_App.xcdatamodeld in Sources */ = {isa = PBXBuildFile; fileRef = FCD258A9207EB9DF002E3FC4 /* ECU_PT_App.xcdatamodeld */; };
		FCD258AD207EB9DF002E3FC4 /* Assets.xcassets in Resources */ = {isa = PBXBuildFile; fileRef = FCD258AC207EB9DF002E3FC4 /* Assets.xcassets */; };
		FCD258B0207EB9DF002E3FC4 /* LaunchScreen.storyboard in Resources */ = {isa = PBXBuildFile; fileRef = FCD258AE207EB9DF002E3FC4 /* LaunchScreen.storyboard */; };
/* End PBXBuildFile section */

/* Begin PBXFileReference section */
		FCD2589F207EB9DF002E3FC4 /* ECU PT App.app */ = {isa = PBXFileReference; explicitFileType = wrapper.application; includeInIndex = 0; path = "ECU PT App.app"; sourceTree = BUILT_PRODUCTS_DIR; };
		FCD258A2207EB9DF002E3FC4 /* AppDelegate.swift */ = {isa = PBXFileReference; lastKnownFileType = sourcecode.swift; path = AppDelegate.swift; sourceTree = "<group>"; };
		FCD258A4207EB9DF002E3FC4 /* ViewController.swift */ = {isa = PBXFileReference; lastKnownFileType = sourcecode.swift; path = ViewController.swift; sourceTree = "<group>"; };
		FCD258A7207EB9DF002E3FC4 /* Base */ = {isa = PBXFileReference; lastKnownFileType = file.storyboard; name = Base; path = Base.lproj/Main.storyboard; sourceTree = "<group>"; };
		FCD258AA207EB9DF002E3FC4 /* ECU_PT_App.xcdatamodel */ = {isa = PBXFileReference; lastKnownFileType = wrapper.xcdatamodel; path = ECU_PT_App.xcdatamodel; sourceTree = "<group>"; };
		FCD258AC207EB9DF002E3FC4 /* Assets.xcassets */ = {isa = PBXFileReference; lastKnownFileType = folder.assetcatalog; path = Assets.xcassets; sourceTree = "<group>"; };
		FCD258AF207EB9DF002E3FC4 /* Base */ = {isa = PBXFileReference; lastKnownFileType = file.storyboard; name = Base; path = Base.lproj/LaunchScreen.storyboard; sourceTree = "<group>"; };
		FCD258B1207EB9DF002E3FC4 /* Info.plist */ = {isa = PBXFileReference; lastKnownFileType = text.plist.xml; path = Info.plist; sourceTree = "<group>"; };
/* End PBXFileReference section */

/* Begin PBXFrameworksBuildPhase section */
		FCD2589C207EB9DE002E3FC4 /* Frameworks */ = {
			isa = PBXFrameworksBuildPhase;
			buildActionMask = 2147483647;
			files = (
			);
			runOnlyForDeploymentPostprocessing = 0;
		};
/* End PBXFrameworksBuildPhase section */

/* Begin PBXGroup section */
		FCD25896207EB9DE002E3FC4 = {
			isa = PBXGroup;
			children = (
				FCD258A1207EB9DF002E3FC4 /* ECU PT App */,
				FCD258A0207EB9DF002E3FC4 /* Products */,
			);
			sourceTree = "<group>";
		};
		FCD258A0207EB9DF002E3FC4 /* Products */ = {
			isa = PBXGroup;
			children = (
				FCD2589F207EB9DF002E3FC4 /* ECU PT App.app */,
			);
			name = Products;
			sourceTree = "<group>";
		};
		FCD258A1207EB9DF002E3FC4 /* ECU PT App */ = {
			isa = PBXGroup;
			children = (
				FCD258A2207EB9DF002E3FC4 /* AppDelegate.swift */,
				FCD258A4207EB9DF002E3FC4 /* ViewController.swift */,
				FCD258A6207EB9DF002E3FC4 /* Main.storyboard */,
				FCD258AC207EB9DF002E3FC4 /* Assets.xcassets */,
				FCD258AE207EB9DF002E3FC4 /* LaunchScreen.storyboard */,
				FCD258B1207EB9DF002E3FC4 /* Info.plist */,
				FCD258A9207EB9DF002E3FC4 /* ECU_PT_App.xcdatamodeld */,
			);
			path = "ECU PT App";
			sourceTree = "<group>";
		};
/* End PBXGroup section */

/* Begin PBXNativeTarget section */
		FCD2589E207EB9DE002E3FC4 /* ECU PT App */ = {
			isa = PBXNativeTarget;
			buildConfigurationList = FCD258B4207EB9DF002E3FC4 /* Build configuration list for PBXNativeTarget "ECU PT App" */;
			buildPhases = (
				FCD2589B207EB9DE002E3FC4 /* Sources */,
				FCD2589C207EB9DE002E3FC4 /* Frameworks */,
				FCD2589D207EB9DE002E3FC4 /* Resources */,
			);
			buildRules = (
			);
			dependencies = (
			);
			name = "ECU PT App";
			productName = "ECU PT App";
			productReference = FCD2589F207EB9DF002E3FC4 /* ECU PT App.app */;
			productType = "com.apple.product-type.application";
		};
/* End PBXNativeTarget section */

/* Begin PBXProject section */
		FCD25897207EB9DE002E3FC4 /* Project object */ = {
			isa = PBXProject;
			attributes = {
				LastSwiftUpdateCheck = 0820;
				LastUpgradeCheck = 0820;
				ORGANIZATIONNAME = "Dylan Moore";
				TargetAttributes = {
					FCD2589E207EB9DE002E3FC4 = {
						CreatedOnToolsVersion = 8.2.1;
						ProvisioningStyle = Automatic;
					};
				};
			};
			buildConfigurationList = FCD2589A207EB9DE002E3FC4 /* Build configuration list for PBXProject "ECU PT App" */;
			compatibilityVersion = "Xcode 3.2";
			developmentRegion = English;
			hasScannedForEncodings = 0;
			knownRegions = (
				en,
				Base,
			);
			mainGroup = FCD25896207EB9DE002E3FC4;
			productRefGroup = FCD258A0207EB9DF002E3FC4 /* Products */;
			projectDirPath = "";
			projectRoot = "";
			targets = (
				FCD2589E207EB9DE002E3FC4 /* ECU PT App */,
			);
		};
/* End PBXProject section */

/* Begin PBXResourcesBuildPhase section */
		FCD2589D207EB9DE002E3FC4 /* Resources */ = {
			isa = PBXResourcesBuildPhase;
			buildActionMask = 2147483647;
			files = (
				FCD258B0207EB9DF002E3FC4 /* LaunchScreen.storyboard in Resources */,
				FCD258AD207EB9DF002E3FC4 /* Assets.xcassets in Resources */,
				FCD258A8207EB9DF002E3FC4 /* Main.storyboard in Resources */,
			);
			runOnlyForDeploymentPostprocessing = 0;
		};
/* End PBXResourcesBuildPhase section */

/* Begin PBXSourcesBuildPhase section */
		FCD2589B207EB9DE002E3FC4 /* Sources */ = {
			isa = PBXSourcesBuildPhase;
			buildActionMask = 2147483647;
			files = (
				FCD258AB207EB9DF002E3FC4 /* ECU_PT_App.xcdatamodeld in Sources */,
				FCD258A5207EB9DF002E3FC4 /* ViewController.swift in Sources */,
				FCD258A3207EB9DF002E3FC4 /* AppDelegate.swift in Sources */,
			);
			runOnlyForDeploymentPostprocessing = 0;
		};
/* End PBXSourcesBuildPhase section */

/* Begin PBXVariantGroup section */
		FCD258A6207EB9DF002E3FC4 /* Main.storyboard */ = {
			isa = PBXVariantGroup;
			children = (
				FCD258A7207EB9DF002E3FC4 /* Base */,
			);
			name = Main.storyboard;
			sourceTree = "<group>";
		};
		FCD258AE207EB9DF002E3FC4 /* LaunchScreen.storyboard */ = {
			isa = PBXVariantGroup;
			children = (
				FCD258AF207EB9DF002E3FC4 /* Base */,
			);
			name = LaunchScreen.storyboard;
			sourceTree = "<group>";
		};
/* End PBXVariantGroup section */

/* Begin XCBuildConfiguration section */
		FCD258B2207EB9DF002E3FC4 /* Debug */ = {
			isa = XCBuildConfiguration;
			buildSettings = {
				ALWAYS_SEARCH_USER_PATHS = NO;
				CLANG_ANALYZER_NONNULL = YES;
				CLANG_CXX_LANGUAGE_STANDARD = "gnu++0x";
				CLANG_CXX_LIBRARY = "libc++";
				CLANG_ENABLE_MODULES = YES;
				CLANG_ENABLE_OBJC_ARC = YES;
				CLANG_WARN_BOOL_CONVERSION = YES;
				CLANG_WARN_CONSTANT_CONVERSION = YES;
				CLANG_WARN_DIRECT_OBJC_ISA_USAGE = YES_ERROR;
				CLANG_WARN_DOCUMENTATION_COMMENTS = YES;
				CLANG_WARN_EMPTY_BODY = YES;
				CLANG_WARN_ENUM_CONVERSION = YES;
				CLANG_WARN_INFINITE_RECURSION = YES;
				CLANG_WARN_INT_CONVERSION = YES;
				CLANG_WARN_OBJC_ROOT_CLASS = YES_ERROR;
				CLANG_WARN_SUSPICIOUS_MOVE = YES;
				CLANG_WARN_UNREACHABLE_CODE = YES;
				CLANG_WARN__DUPLICATE_METHOD_MATCH = YES;
				"CODE_SIGN_IDENTITY[sdk=iphoneos*]" = "iPhone Developer";
				COPY_PHASE_STRIP = NO;
				DEBUG_INFORMATION_FORMAT = dwarf;
				ENABLE_STRICT_OBJC_MSGSEND = YES;
				ENABLE_TESTABILITY = YES;
				GCC_C_LANGUAGE_STANDARD = gnu99;
				GCC_DYNAMIC_NO_PIC = NO;
				GCC_NO_COMMON_BLOCKS = YES;
				GCC_OPTIMIZATION_LEVEL = 0;
				GCC_PREPROCESSOR_DEFINITIONS = (
					"DEBUG=1",
					"$(inherited)",
				);
				GCC_WARN_64_TO_32_BIT_CONVERSION = YES;
				GCC_WARN_ABOUT_RETURN_TYPE = YES_ERROR;
				GCC_WARN_UNDECLARED_SELECTOR = YES;
				GCC_WARN_UNINITIALIZED_AUTOS = YES_AGGRESSIVE;
				GCC_WARN_UNUSED_FUNCTION = YES;
				GCC_WARN_UNUSED_VARIABLE = YES;
				IPHONEOS_DEPLOYMENT_TARGET = 10.2;
				MTL_ENABLE_DEBUG_INFO = YES;
				ONLY_ACTIVE_ARCH = YES;
				SDKROOT = iphoneos;
				SWIFT_ACTIVE_COMPILATION_CONDITIONS = DEBUG;
				SWIFT_OPTIMIZATION_LEVEL = "-Onone";
				TARGETED_DEVICE_FAMILY = "1,2";
			};
			name = Debug;
		};
		FCD258B3207EB9DF002E3FC4 /* Release */ = {
			isa = XCBuildConfiguration;
			buildSettings = {
				ALWAYS_SEARCH_USER_PATHS = NO;
				CLANG_ANALYZER_NONNULL = YES;
				CLANG_CXX_LANGUAGE_STANDARD = "gnu++0x";
				CLANG_CXX_LIBRARY = "libc++";
				CLANG_ENABLE_MODULES = YES;
				CLANG_ENABLE_OBJC_ARC = YES;
				CLANG_WARN_BOOL_CONVERSION = YES;
				CLANG_WARN_CONSTANT_CONVERSION = YES;
				CLANG_WARN_DIRECT_OBJC_ISA_USAGE = YES_ERROR;
				CLANG_WARN_DOCUMENTATION_COMMENTS = YES;
				CLANG_WARN_EMPTY_BODY = YES;
				CLANG_WARN_ENUM_CONVERSION = YES;
				CLANG_WARN_INFINITE_RECURSION = YES;
				CLANG_WARN_INT_CONVERSION = YES;
				CLANG_WARN_OBJC_ROOT_CLASS = YES_ERROR;
				CLANG_WARN_SUSPICIOUS_MOVE = YES;
				CLANG_WARN_UNREACHABLE_CODE = YES;
				CLANG_WARN__DUPLICATE_METHOD_MATCH = YES;
				"CODE_SIGN_IDENTITY[sdk=iphoneos*]" = "iPhone Developer";
				COPY_PHASE_STRIP = NO;
				DEBUG_INFORMATION_FORMAT = "dwarf-with-dsym";
				ENABLE_NS_ASSERTIONS = NO;
				ENABLE_STRICT_OBJC_MSGSEND = YES;
				GCC_C_LANGUAGE_STANDARD = gnu99;
				GCC_NO_COMMON_BLOCKS = YES;
				GCC_WARN_64_TO_32_BIT_CONVERSION = YES;
				GCC_WARN_ABOUT_RETURN_TYPE = YES_ERROR;
				GCC_WARN_UNDECLARED_SELECTOR = YES;
				GCC_WARN_UNINITIALIZED_AUTOS = YES_AGGRESSIVE;
				GCC_WARN_UNUSED_FUNCTION = YES;
				GCC_WARN_UNUSED_VARIABLE = YES;
				IPHONEOS_DEPLOYMENT_TARGET = 10.2;
				MTL_ENABLE_DEBUG_INFO = NO;
				SDKROOT = iphoneos;
				SWIFT_OPTIMIZATION_LEVEL = "-Owholemodule";
				TARGETED_DEVICE_FAMILY = "1,2";
				VALIDATE_PRODUCT = YES;
			};
			name = Release;
		};
		FCD258B5207EB9DF002E3FC4 /* Debug */ = {
			isa = XCBuildConfiguration;
			buildSettings = {
				ASSETCATALOG_COMPILER_APPICON_NAME = AppIcon;
				INFOPLIST_FILE = "ECU PT App/Info.plist";
				LD_RUNPATH_SEARCH_PATHS = "$(inherited) @executable_path/Frameworks";
				PRODUCT_BUNDLE_IDENTIFIER = "EON-inc.ECU-PT-App";
				PRODUCT_NAME = "$(TARGET_NAME)";
				SWIFT_VERSION = 3.0;
			};
			name = Debug;
		};
		FCD258B6207EB9DF002E3FC4 /* Release */ = {
			isa = XCBuildConfiguration;
			buildSettings = {
				ASSETCATALOG_COMPILER_APPICON_NAME = AppIcon;
				INFOPLIST_FILE = "ECU PT App/Info.plist";
				LD_RUNPATH_SEARCH_PATHS = "$(inherited) @executable_path/Frameworks";
				PRODUCT_BUNDLE_IDENTIFIER = "EON-inc.ECU-PT-App";
				PRODUCT_NAME = "$(TARGET_NAME)";
				SWIFT_VERSION = 3.0;
			};
			name = Release;
		};
/* End XCBuildConfiguration section */

/* Begin XCConfigurationList section */
		FCD2589A207EB9DE002E3FC4 /* Build configuration list for PBXProject "ECU PT App" */ = {
			isa = XCConfigurationList;
			buildConfigurations = (
				FCD258B2207EB9DF002E3FC4 /* Debug */,
				FCD258B3207EB9DF002E3FC4 /* Release */,
			);
			defaultConfigurationIsVisible = 0;
			defaultConfigurationName = Release;
		};
		FCD258B4207EB9DF002E3FC4 /* Build configuration list for PBXNativeTarget "ECU PT App" */ = {
			isa = XCConfigurationList;
			buildConfigurations = (
				FCD258B5207EB9DF002E3FC4 /* Debug */,
				FCD258B6207EB9DF002E3FC4 /* Release */,
			);
			defaultConfigurationIsVisible = 0;
		};
/* End XCConfigurationList section */

/* Begin XCVersionGroup section */
		FCD258A9207EB9DF002E3FC4 /* ECU_PT_App.xcdatamodeld */ = {
			isa = XCVersionGroup;
			children = (
				FCD258AA207EB9DF002E3FC4 /* ECU_PT_App.xcdatamodel */,
			);
			currentVersion = FCD258AA207EB9DF002E3FC4 /* ECU_PT_App.xcdatamodel */;
			path = ECU_PT_App.xcdatamodeld;
			sourceTree = "<group>";
			versionGroupType = wrapper.xcdatamodel;
		};
/* End XCVersionGroup section */
	};
	rootObject = FCD25897207EB9DE002E3FC4 /* Project object */;
}
